
Microsoft Visual Studio Solution File, Format Version 12.00
# Visual Studio Version 17
VisualStudioVersion = 17.7.34031.279
MinimumVisualStudioVersion = 10.0.40219.1
Project("{FAE04EC0-301F-11D3-BF4B-00C04F79EFBC}") = "Module2pr", "Module2pr\Module2pr.csproj", "{B6C1D487-E92F-4783-A94E-5482F7D429BF}"
EndProject
Global
	GlobalSection(SolutionConfigurationPlatforms) = preSolution
		Debug|Any CPU = Debug|Any CPU
		Release|Any CPU = Release|Any CPU
	EndGlobalSection
	GlobalSection(ProjectConfigurationPlatforms) = postSolution
		{B6C1D487-E92F-4783-A94E-5482F7D429BF}.Debug|Any CPU.ActiveCfg = Debug|Any CPU
		{B6C1D487-E92F-4783-A94E-5482F7D429BF}.Debug|Any CPU.Build.0 = Debug|Any CPU
		{B6C1D487-E92F-4783-A94E-5482F7D429BF}.Release|Any CPU.ActiveCfg = Release|Any CPU
		{B6C1D487-E92F-4783-A94E-5482F7D429BF}.Release|Any CPU.Build.0 = Release|Any CPU
	EndGlobalSection
	GlobalSection(SolutionProperties) = preSolution
		HideSolutionNode = FALSE
	EndGlobalSection
	GlobalSection(ExtensibilityGlobals) = postSolution
		SolutionGuid = {BF2EC8C4-64B1-4372-B7AA-E8F2B3676BEA}
	EndGlobalSection
EndGlobal
